
Microsoft Visual Studio Solution File, Format Version 12.00
# Visual Studio Version 17
VisualStudioVersion = 17.8.34511.84
MinimumVisualStudioVersion = 10.0.40219.1
Project("{FAE04EC0-301F-11D3-BF4B-00C04F79EFBC}") = "AS2324.Guardabascio.Riccardo.3G.Rubrica2", "AS2324.Guardabascio.Riccardo.3G.Rubrica2.csproj", "{6876B5DD-4B03-410D-951F-4498C77E9C91}"
EndProject
Global
	GlobalSection(SolutionConfigurationPlatforms) = preSolution
		Debug|Any CPU = Debug|Any CPU
		Release|Any CPU = Release|Any CPU
	EndGlobalSection
	GlobalSection(ProjectConfigurationPlatforms) = postSolution
		{6876B5DD-4B03-410D-951F-4498C77E9C91}.Debug|Any CPU.ActiveCfg = Debug|Any CPU
		{6876B5DD-4B03-410D-951F-4498C77E9C91}.Debug|Any CPU.Build.0 = Debug|Any CPU
		{6876B5DD-4B03-410D-951F-4498C77E9C91}.Release|Any CPU.ActiveCfg = Release|Any CPU
		{6876B5DD-4B03-410D-951F-4498C77E9C91}.Release|Any CPU.Build.0 = Release|Any CPU
	EndGlobalSection
	GlobalSection(SolutionProperties) = preSolution
		HideSolutionNode = FALSE
	EndGlobalSection
	GlobalSection(ExtensibilityGlobals) = postSolution
		SolutionGuid = {C8EE3D2A-977D-412F-9C81-57BAB3A7463C}
	EndGlobalSection
EndGlobal
